// !$*UTF8*$!
{
	archiveVersion = 1;
	classes = {
	};
	objectVersion = 46;
	objects = {

/* Begin PBXBuildFile section */
		AA3253891E55DD3500CE586C /* AppDelegate.swift in Sources */ = {isa = PBXBuildFile; fileRef = AA3253881E55DD3500CE586C /* AppDelegate.swift */; };
		AA32538B1E55DD3500CE586C /* ViewController.swift in Sources */ = {isa = PBXBuildFile; fileRef = AA32538A1E55DD3500CE586C /* ViewController.swift */; };
		AA32538E1E55DD3500CE586C /* Main.storyboard in Resources */ = {isa = PBXBuildFile; fileRef = AA32538C1E55DD3500CE586C /* Main.storyboard */; };
		AA3253901E55DD3500CE586C /* Assets.xcassets in Resources */ = {isa = PBXBuildFile; fileRef = AA32538F1E55DD3500CE586C /* Assets.xcassets */; };
		AA3253931E55DD3500CE586C /* LaunchScreen.storyboard in Resources */ = {isa = PBXBuildFile; fileRef = AA3253911E55DD3500CE586C /* LaunchScreen.storyboard */; };
/* End PBXBuildFile section */

/* Begin PBXFileReference section */
		AA3253851E55DD3500CE586C /* PokeFinder.app */ = {isa = PBXFileReference; explicitFileType = wrapper.application; includeInIndex = 0; path = PokeFinder.app; sourceTree = BUILT_PRODUCTS_DIR; };
		AA3253881E55DD3500CE586C /* AppDelegate.swift */ = {isa = PBXFileReference; lastKnownFileType = sourcecode.swift; path = AppDelegate.swift; sourceTree = "<group>"; };
		AA32538A1E55DD3500CE586C /* ViewController.swift */ = {isa = PBXFileReference; lastKnownFileType = sourcecode.swift; path = ViewController.swift; sourceTree = "<group>"; };
		AA32538D1E55DD3500CE586C /* Base */ = {isa = PBXFileReference; lastKnownFileType = file.storyboard; name = Base; path = Base.lproj/Main.storyboard; sourceTree = "<group>"; };
		AA32538F1E55DD3500CE586C /* Assets.xcassets */ = {isa = PBXFileReference; lastKnownFileType = folder.assetcatalog; path = Assets.xcassets; sourceTree = "<group>"; };
		AA3253921E55DD3500CE586C /* Base */ = {isa = PBXFileReference; lastKnownFileType = file.storyboard; name = Base; path = Base.lproj/LaunchScreen.storyboard; sourceTree = "<group>"; };
		AA3253941E55DD3500CE586C /* Info.plist */ = {isa = PBXFileReference; lastKnownFileType = text.plist.xml; path = Info.plist; sourceTree = "<group>"; };
/* End PBXFileReference section */

/* Begin PBXFrameworksBuildPhase section */
		AA3253821E55DD3500CE586C /* Frameworks */ = {
			isa = PBXFrameworksBuildPhase;
			buildActionMask = 2147483647;
			files = (
			);
			runOnlyForDeploymentPostprocessing = 0;
		};
/* End PBXFrameworksBuildPhase section */

/* Begin PBXGroup section */
		AA32537C1E55DD3500CE586C = {
			isa = PBXGroup;
			children = (
				AA3253871E55DD3500CE586C /* PokeFinder */,
				AA3253861E55DD3500CE586C /* Products */,
			);
			sourceTree = "<group>";
		};
		AA3253861E55DD3500CE586C /* Products */ = {
			isa = PBXGroup;
			children = (
				AA3253851E55DD3500CE586C /* PokeFinder.app */,
			);
			name = Products;
			sourceTree = "<group>";
		};
		AA3253871E55DD3500CE586C /* PokeFinder */ = {
			isa = PBXGroup;
			children = (
				AA3253881E55DD3500CE586C /* AppDelegate.swift */,
				AA32538A1E55DD3500CE586C /* ViewController.swift */,
				AA32538C1E55DD3500CE586C /* Main.storyboard */,
				AA32538F1E55DD3500CE586C /* Assets.xcassets */,
				AA3253911E55DD3500CE586C /* LaunchScreen.storyboard */,
				AA3253941E55DD3500CE586C /* Info.plist */,
			);
			path = PokeFinder;
			sourceTree = "<group>";
		};
/* End PBXGroup section */

/* Begin PBXNativeTarget section */
		AA3253841E55DD3500CE586C /* PokeFinder */ = {
			isa = PBXNativeTarget;
			buildConfigurationList = AA3253971E55DD3500CE586C /* Build configuration list for PBXNativeTarget "PokeFinder" */;
			buildPhases = (
				AA3253811E55DD3500CE586C /* Sources */,
				AA3253821E55DD3500CE586C /* Frameworks */,
				AA3253831E55DD3500CE586C /* Resources */,
			);
			buildRules = (
			);
			dependencies = (
			);
			name = PokeFinder;
			productName = PokeFinder;
			productReference = AA3253851E55DD3500CE586C /* PokeFinder.app */;
			productType = "com.apple.product-type.application";
		};
/* End PBXNativeTarget section */

/* Begin PBXProject section */
		AA32537D1E55DD3500CE586C /* Project object */ = {
			isa = PBXProject;
			attributes = {
				LastSwiftUpdateCheck = 0830;
				LastUpgradeCheck = 0830;
				ORGANIZATIONNAME = "Nguyễn Xuân Đạt";
				TargetAttributes = {
					AA3253841E55DD3500CE586C = {
						CreatedOnToolsVersion = 8.3;
						DevelopmentTeam = 4U3383F2ZS;
						ProvisioningStyle = Automatic;
					};
				};
			};
			buildConfigurationList = AA3253801E55DD3500CE586C /* Build configuration list for PBXProject "PokeFinder" */;
			compatibilityVersion = "Xcode 3.2";
			developmentRegion = English;
			hasScannedForEncodings = 0;
			knownRegions = (
				en,
				Base,
			);
			mainGroup = AA32537C1E55DD3500CE586C;
			productRefGroup = AA3253861E55DD3500CE586C /* Products */;
			projectDirPath = "";
			projectRoot = "";
			targets = (
				AA3253841E55DD3500CE586C /* PokeFinder */,
			);
		};
/* End PBXProject section */

/* Begin PBXResourcesBuildPhase section */
		AA3253831E55DD3500CE586C /* Resources */ = {
			isa = PBXResourcesBuildPhase;
			buildActionMask = 2147483647;
			files = (
				AA3253931E55DD3500CE586C /* LaunchScreen.storyboard in Resources */,
				AA3253901E55DD3500CE586C /* Assets.xcassets in Resources */,
				AA32538E1E55DD3500CE586C /* Main.storyboard in Resources */,
			);
			runOnlyForDeploymentPostprocessing = 0;
		};
/* End PBXResourcesBuildPhase section */

/* Begin PBXSourcesBuildPhase section */
		AA3253811E55DD3500CE586C /* Sources */ = {
			isa = PBXSourcesBuildPhase;
			buildActionMask = 2147483647;
			files = (
				AA32538B1E55DD3500CE586C /* ViewController.swift in Sources */,
				AA3253891E55DD3500CE586C /* AppDelegate.swift in Sources */,
			);
			runOnlyForDeploymentPostprocessing = 0;
		};
/* End PBXSourcesBuildPhase section */

/* Begin PBXVariantGroup section */
		AA32538C1E55DD3500CE586C /* Main.storyboard */ = {
			isa = PBXVariantGroup;
			children = (
				AA32538D1E55DD3500CE586C /* Base */,
			);
			name = Main.storyboard;
			sourceTree = "<group>";
		};
		AA3253911E55DD3500CE586C /* LaunchScreen.storyboard */ = {
			isa = PBXVariantGroup;
			children = (
				AA3253921E55DD3500CE586C /* Base */,
			);
			name = LaunchScreen.storyboard;
			sourceTree = "<group>";
		};
/* End PBXVariantGroup section */

/* Begin XCBuildConfiguration section */
		AA3253951E55DD3500CE586C /* Debug */ = {
			isa = XCBuildConfiguration;
			buildSettings = {
				ALWAYS_SEARCH_USER_PATHS = NO;
				CLANG_ANALYZER_NONNULL = YES;
				CLANG_ANALYZER_NUMBER_OBJECT_CONVERSION = YES_AGGRESSIVE;
				CLANG_CXX_LANGUAGE_STANDARD = "gnu++0x";
				CLANG_CXX_LIBRARY = "libc++";
				CLANG_ENABLE_MODULES = YES;
				CLANG_ENABLE_OBJC_ARC = YES;
				CLANG_WARN_BOOL_CONVERSION = YES;
				CLANG_WARN_CONSTANT_CONVERSION = YES;
				CLANG_WARN_DIRECT_OBJC_ISA_USAGE = YES_ERROR;
				CLANG_WARN_DOCUMENTATION_COMMENTS = YES;
				CLANG_WARN_EMPTY_BODY = YES;
				CLANG_WARN_ENUM_CONVERSION = YES;
				CLANG_WARN_INFINITE_RECURSION = YES;
				CLANG_WARN_INT_CONVERSION = YES;
				CLANG_WARN_OBJC_ROOT_CLASS = YES_ERROR;
				CLANG_WARN_SUSPICIOUS_MOVE = YES;
				CLANG_WARN_UNREACHABLE_CODE = YES;
				CLANG_WARN__DUPLICATE_METHOD_MATCH = YES;
				"CODE_SIGN_IDENTITY[sdk=iphoneos*]" = "iPhone Developer";
				COPY_PHASE_STRIP = NO;
				DEBUG_INFORMATION_FORMAT = dwarf;
				ENABLE_STRICT_OBJC_MSGSEND = YES;
				ENABLE_TESTABILITY = YES;
				GCC_C_LANGUAGE_STANDARD = gnu99;
				GCC_DYNAMIC_NO_PIC = NO;
				GCC_NO_COMMON_BLOCKS = YES;
				GCC_OPTIMIZATION_LEVEL = 0;
				GCC_PREPROCESSOR_DEFINITIONS = (
					"DEBUG=1",
					"$(inherited)",
				);
				GCC_WARN_64_TO_32_BIT_CONVERSION = YES;
				GCC_WARN_ABOUT_RETURN_TYPE = YES_ERROR;
				GCC_WARN_UNDECLARED_SELECTOR = YES;
				GCC_WARN_UNINITIALIZED_AUTOS = YES_AGGRESSIVE;
				GCC_WARN_UNUSED_FUNCTION = YES;
				GCC_WARN_UNUSED_VARIABLE = YES;
				IPHONEOS_DEPLOYMENT_TARGET = 10.3;
				MTL_ENABLE_DEBUG_INFO = YES;
				ONLY_ACTIVE_ARCH = YES;
				SDKROOT = iphoneos;
				SWIFT_ACTIVE_COMPILATION_CONDITIONS = DEBUG;
				SWIFT_OPTIMIZATION_LEVEL = "-Onone";
				TARGETED_DEVICE_FAMILY = "1,2";
			};
			name = Debug;
		};
		AA3253961E55DD3500CE586C /* Release */ = {
			isa = XCBuildConfiguration;
			buildSettings = {
				ALWAYS_SEARCH_USER_PATHS = NO;
				CLANG_ANALYZER_NONNULL = YES;
				CLANG_ANALYZER_NUMBER_OBJECT_CONVERSION = YES_AGGRESSIVE;
				CLANG_CXX_LANGUAGE_STANDARD = "gnu++0x";
				CLANG_CXX_LIBRARY = "libc++";
				CLANG_ENABLE_MODULES = YES;
				CLANG_ENABLE_OBJC_ARC = YES;
				CLANG_WARN_BOOL_CONVERSION = YES;
				CLANG_WARN_CONSTANT_CONVERSION = YES;
				CLANG_WARN_DIRECT_OBJC_ISA_USAGE = YES_ERROR;
				CLANG_WARN_DOCUMENTATION_COMMENTS = YES;
				CLANG_WARN_EMPTY_BODY = YES;
				CLANG_WARN_ENUM_CONVERSION = YES;
				CLANG_WARN_INFINITE_RECURSION = YES;
				CLANG_WARN_INT_CONVERSION = YES;
				CLANG_WARN_OBJC_ROOT_CLASS = YES_ERROR;
				CLANG_WARN_SUSPICIOUS_MOVE = YES;
				CLANG_WARN_UNREACHABLE_CODE = YES;
				CLANG_WARN__DUPLICATE_METHOD_MATCH = YES;
				"CODE_SIGN_IDENTITY[sdk=iphoneos*]" = "iPhone Developer";
				COPY_PHASE_STRIP = NO;
				DEBUG_INFORMATION_FORMAT = "dwarf-with-dsym";
				ENABLE_NS_ASSERTIONS = NO;
				ENABLE_STRICT_OBJC_MSGSEND = YES;
				GCC_C_LANGUAGE_STANDARD = gnu99;
				GCC_NO_COMMON_BLOCKS = YES;
				GCC_WARN_64_TO_32_BIT_CONVERSION = YES;
				GCC_WARN_ABOUT_RETURN_TYPE = YES_ERROR;
				GCC_WARN_UNDECLARED_SELECTOR = YES;
				GCC_WARN_UNINITIALIZED_AUTOS = YES_AGGRESSIVE;
				GCC_WARN_UNUSED_FUNCTION = YES;
				GCC_WARN_UNUSED_VARIABLE = YES;
				IPHONEOS_DEPLOYMENT_TARGET = 10.3;
				MTL_ENABLE_DEBUG_INFO = NO;
				SDKROOT = iphoneos;
				SWIFT_OPTIMIZATION_LEVEL = "-Owholemodule";
				TARGETED_DEVICE_FAMILY = "1,2";
				VALIDATE_PRODUCT = YES;
			};
			name = Release;
		};
		AA3253981E55DD3500CE586C /* Debug */ = {
			isa = XCBuildConfiguration;
			buildSettings = {
				ASSETCATALOG_COMPILER_APPICON_NAME = AppIcon;
				DEVELOPMENT_TEAM = 4U3383F2ZS;
				INFOPLIST_FILE = PokeFinder/Info.plist;
				LD_RUNPATH_SEARCH_PATHS = "$(inherited) @executable_path/Frameworks";
				PRODUCT_BUNDLE_IDENTIFIER = com.datnguyen.PokeFinder;
				PRODUCT_NAME = "$(TARGET_NAME)";
				SWIFT_VERSION = 3.0;
			};
			name = Debug;
		};
		AA3253991E55DD3500CE586C /* Release */ = {
			isa = XCBuildConfiguration;
			buildSettings = {
				ASSETCATALOG_COMPILER_APPICON_NAME = AppIcon;
				DEVELOPMENT_TEAM = 4U3383F2ZS;
				INFOPLIST_FILE = PokeFinder/Info.plist;
				LD_RUNPATH_SEARCH_PATHS = "$(inherited) @executable_path/Frameworks";
				PRODUCT_BUNDLE_IDENTIFIER = com.datnguyen.PokeFinder;
				PRODUCT_NAME = "$(TARGET_NAME)";
				SWIFT_VERSION = 3.0;
			};
			name = Release;
		};
/* End XCBuildConfiguration section */

/* Begin XCConfigurationList section */
		AA3253801E55DD3500CE586C /* Build configuration list for PBXProject "PokeFinder" */ = {
			isa = XCConfigurationList;
			buildConfigurations = (
				AA3253951E55DD3500CE586C /* Debug */,
				AA3253961E55DD3500CE586C /* Release */,
			);
			defaultConfigurationIsVisible = 0;
			defaultConfigurationName = Release;
		};
		AA3253971E55DD3500CE586C /* Build configuration list for PBXNativeTarget "PokeFinder" */ = {
			isa = XCConfigurationList;
			buildConfigurations = (
				AA3253981E55DD3500CE586C /* Debug */,
				AA3253991E55DD3500CE586C /* Release */,
			);
			defaultConfigurationIsVisible = 0;
		};
/* End XCConfigurationList section */
	};
	rootObject = AA32537D1E55DD3500CE586C /* Project object */;
}
